
Microsoft Visual Studio Solution File, Format Version 12.00
# Visual Studio Version 17
VisualStudioVersion = 17.2.32519.379
MinimumVisualStudioVersion = 10.0.40219.1
Project("{FAE04EC0-301F-11D3-BF4B-00C04F79EFBC}") = "SeeWar", "SeeWar\SeeWar.csproj", "{4EED9361-397C-4ACA-8DAA-5CD2349F2AF2}"
EndProject
Project("{FAE04EC0-301F-11D3-BF4B-00C04F79EFBC}") = "SeeWarWindowsForms", "SeeWarWindowsForms\SeeWarWindowsForms.csproj", "{91AF728B-4AED-47DB-813F-8FD5F4293EF2}"
EndProject
Global
	GlobalSection(SolutionConfigurationPlatforms) = preSolution
		Debug|Any CPU = Debug|Any CPU
		Release|Any CPU = Release|Any CPU
	EndGlobalSection
	GlobalSection(ProjectConfigurationPlatforms) = postSolution
		{4EED9361-397C-4ACA-8DAA-5CD2349F2AF2}.Debug|Any CPU.ActiveCfg = Debug|Any CPU
		{4EED9361-397C-4ACA-8DAA-5CD2349F2AF2}.Debug|Any CPU.Build.0 = Debug|Any CPU
		{4EED9361-397C-4ACA-8DAA-5CD2349F2AF2}.Release|Any CPU.ActiveCfg = Release|Any CPU
		{4EED9361-397C-4ACA-8DAA-5CD2349F2AF2}.Release|Any CPU.Build.0 = Release|Any CPU
		{91AF728B-4AED-47DB-813F-8FD5F4293EF2}.Debug|Any CPU.ActiveCfg = Debug|Any CPU
		{91AF728B-4AED-47DB-813F-8FD5F4293EF2}.Debug|Any CPU.Build.0 = Debug|Any CPU
		{91AF728B-4AED-47DB-813F-8FD5F4293EF2}.Release|Any CPU.ActiveCfg = Release|Any CPU
		{91AF728B-4AED-47DB-813F-8FD5F4293EF2}.Release|Any CPU.Build.0 = Release|Any CPU
	EndGlobalSection
	GlobalSection(SolutionProperties) = preSolution
		HideSolutionNode = FALSE
	EndGlobalSection
	GlobalSection(ExtensibilityGlobals) = postSolution
		SolutionGuid = {C6827AEB-0B81-422D-B543-0159A0FA5DFC}
	EndGlobalSection
EndGlobal
